
Microsoft Visual Studio Solution File, Format Version 12.00
# Visual Studio Version 16
VisualStudioVersion = 16.0.810.14
MinimumVisualStudioVersion = 10.0.40219.1
Project("{FAE04EC0-301F-11D3-BF4B-00C04F79EFBC}") = "kostki", "kostki.csproj", "{9FF77CC1-2E53-48DD-9C6C-A3C3031F1E3D}"
EndProject
Global
	GlobalSection(SolutionConfigurationPlatforms) = preSolution
		Debug|Any CPU = Debug|Any CPU
		Release|Any CPU = Release|Any CPU
	EndGlobalSection
	GlobalSection(ProjectConfigurationPlatforms) = postSolution
		{9FF77CC1-2E53-48DD-9C6C-A3C3031F1E3D}.Debug|Any CPU.ActiveCfg = Debug|Any CPU
		{9FF77CC1-2E53-48DD-9C6C-A3C3031F1E3D}.Debug|Any CPU.Build.0 = Debug|Any CPU
		{9FF77CC1-2E53-48DD-9C6C-A3C3031F1E3D}.Release|Any CPU.ActiveCfg = Release|Any CPU
		{9FF77CC1-2E53-48DD-9C6C-A3C3031F1E3D}.Release|Any CPU.Build.0 = Release|Any CPU
	EndGlobalSection
	GlobalSection(SolutionProperties) = preSolution
		HideSolutionNode = FALSE
	EndGlobalSection
	GlobalSection(ExtensibilityGlobals) = postSolution
		SolutionGuid = {5F201D71-DCBA-4CDE-B90F-074D1B386F05}
	EndGlobalSection
EndGlobal
